<?xml version="1.0" encoding="UTF-8" standalone="yes" ?>
<CodeBlocks_project_file>
	<FileVersion major="1" minor="6" />
	<Project>
		<Option title="Petroleum" />
		<Option pch_mode="2" />
		<Option compiler="gcc" />
		<Build>
			<Target title="Debug">
				<Option output="bin/Debug/Petroleum" prefix_auto="1" extension_auto="1" />
				<Option working_dir="" />
				<Option object_output="obj/Debug/" />
				<Option type="2" />
				<Option compiler="gcc" />
				<Option createDefFile="1" />
				<Compiler>
					<Add option="-Wall" />
					<Add option="-Og" />
					<Add option="-g" />
					<Add option="-DDEBUG" />
					<Add directory="include/gl" />
				</Compiler>
			</Target>
			<Target title="Release">
				<Option output="bin/Release/Petroleum" prefix_auto="1" extension_auto="1" />
				<Option working_dir="" />
				<Option object_output="obj/Release/" />
				<Option type="2" />
				<Option compiler="gcc" />
				<Option createDefFile="1" />
				<Compiler>
					<Add option="-O3" />
					<Add option="-Wall" />
					<Add directory="include/gl" />
				</Compiler>
				<Linker>
					<Add option="-s" />
				</Linker>
			</Target>
		</Build>
		<Unit filename="Petroleum.h" />
		<Unit filename="include/DefaultShaders.h" />
		<Unit filename="src/gl/Camera.cpp" />
		<Unit filename="src/gl/Geometry.cpp" />
		<Unit filename="src/gl/IndexBuffer.cpp" />
		<Unit filename="src/gl/Renderer.cpp" />
		<Unit filename="src/gl/Shader.cpp" />
		<Unit filename="src/gl/Texture.cpp" />
		<Unit filename="src/gl/VertexArray.cpp" />
		<Unit filename="src/gl/VertexBuffer.cpp" />
		<Unit filename="src/gl/Window.cpp" />
		<Unit filename="src/other/Core.cpp" />
		<Unit filename="src/other/ErrorFeedback.cpp" />
		<Unit filename="src/other/FileManagement.cpp" />
		<Unit filename="src/other/stb_image.cpp" />
		<Unit filename="stb_image.h" />
		<Extensions>
			<code_completion />
			<debugger />
		</Extensions>
	</Project>
</CodeBlocks_project_file>
